// !$*UTF8*$!
{
	archiveVersion = 1;
	classes = {
	};
	objectVersion = 56;
	objects = {

/* Begin PBXBuildFile section */
		CE7BBAFE2B234BA0003F69E2 /* SettingsCell.swift in Sources */ = {isa = PBXBuildFile; fileRef = CE7BBAFD2B234BA0003F69E2 /* SettingsCell.swift */; };
		CE7BBB012B235CB6003F69E2 /* OnBoardingViewController.swift in Sources */ = {isa = PBXBuildFile; fileRef = CE7BBB002B235CB6003F69E2 /* OnBoardingViewController.swift */; };
		CE7BBB032B237188003F69E2 /* OnBoardingCell.swift in Sources */ = {isa = PBXBuildFile; fileRef = CE7BBB022B237188003F69E2 /* OnBoardingCell.swift */; };
		CE7BBB092B2A14FF003F69E2 /* NoteCell.swift in Sources */ = {isa = PBXBuildFile; fileRef = CE7BBB082B2A14FF003F69E2 /* NoteCell.swift */; };
		CE7BBB0C2B2A1C87003F69E2 /* AddNoteViewController.swift in Sources */ = {isa = PBXBuildFile; fileRef = CE7BBB0B2B2A1C87003F69E2 /* AddNoteViewController.swift */; };
		CE7BBB0F2B2A2656003F69E2 /* Notes.xcdatamodeld in Sources */ = {isa = PBXBuildFile; fileRef = CE7BBB0D2B2A2656003F69E2 /* Notes.xcdatamodeld */; };
		CE7BBB122B2A273B003F69E2 /* Note+CoreDataClass.swift in Sources */ = {isa = PBXBuildFile; fileRef = CE7BBB102B2A273B003F69E2 /* Note+CoreDataClass.swift */; };
		CE7BBB132B2A273B003F69E2 /* Note+CoreDataProperties.swift in Sources */ = {isa = PBXBuildFile; fileRef = CE7BBB112B2A273B003F69E2 /* Note+CoreDataProperties.swift */; };
		CE7BBB152B2ADDA2003F69E2 /* NoteDataManager.swift in Sources */ = {isa = PBXBuildFile; fileRef = CE7BBB142B2ADDA2003F69E2 /* NoteDataManager.swift */; };
		CE7D69072B1E26A1004F023E /* SettingsViewController.swift in Sources */ = {isa = PBXBuildFile; fileRef = CE7D69062B1E26A1004F023E /* SettingsViewController.swift */; };
		CE7D69092B20AE80004F023E /* Settings.swift in Sources */ = {isa = PBXBuildFile; fileRef = CE7D69082B20AE80004F023E /* Settings.swift */; };
		CE7D690F2B20B263004F023E /* LanguageController.swift in Sources */ = {isa = PBXBuildFile; fileRef = CE7D690E2B20B263004F023E /* LanguageController.swift */; };
		CE8B79D52B1E215D009994C8 /* AppDelegate.swift in Sources */ = {isa = PBXBuildFile; fileRef = CE8B79D42B1E215D009994C8 /* AppDelegate.swift */; };
		CE8B79D72B1E215D009994C8 /* SceneDelegate.swift in Sources */ = {isa = PBXBuildFile; fileRef = CE8B79D62B1E215D009994C8 /* SceneDelegate.swift */; };
		CE8B79D92B1E215D009994C8 /* NotesViewController.swift in Sources */ = {isa = PBXBuildFile; fileRef = CE8B79D82B1E215D009994C8 /* NotesViewController.swift */; };
		CE8B79DE2B1E2160009994C8 /* Assets.xcassets in Resources */ = {isa = PBXBuildFile; fileRef = CE8B79DD2B1E2160009994C8 /* Assets.xcassets */; };
		CE8B79E12B1E2160009994C8 /* LaunchScreen.storyboard in Resources */ = {isa = PBXBuildFile; fileRef = CE8B79DF2B1E2160009994C8 /* LaunchScreen.storyboard */; };
/* End PBXBuildFile section */

/* Begin PBXFileReference section */
		CE7BBAFD2B234BA0003F69E2 /* SettingsCell.swift */ = {isa = PBXFileReference; lastKnownFileType = sourcecode.swift; path = SettingsCell.swift; sourceTree = "<group>"; };
		CE7BBB002B235CB6003F69E2 /* OnBoardingViewController.swift */ = {isa = PBXFileReference; lastKnownFileType = sourcecode.swift; path = OnBoardingViewController.swift; sourceTree = "<group>"; };
		CE7BBB022B237188003F69E2 /* OnBoardingCell.swift */ = {isa = PBXFileReference; lastKnownFileType = sourcecode.swift; path = OnBoardingCell.swift; sourceTree = "<group>"; };
		CE7BBB082B2A14FF003F69E2 /* NoteCell.swift */ = {isa = PBXFileReference; lastKnownFileType = sourcecode.swift; path = NoteCell.swift; sourceTree = "<group>"; };
		CE7BBB0B2B2A1C87003F69E2 /* AddNoteViewController.swift */ = {isa = PBXFileReference; lastKnownFileType = sourcecode.swift; path = AddNoteViewController.swift; sourceTree = "<group>"; };
		CE7BBB0E2B2A2656003F69E2 /* Notes.xcdatamodel */ = {isa = PBXFileReference; lastKnownFileType = wrapper.xcdatamodel; path = Notes.xcdatamodel; sourceTree = "<group>"; };
		CE7BBB102B2A273B003F69E2 /* Note+CoreDataClass.swift */ = {isa = PBXFileReference; lastKnownFileType = sourcecode.swift; path = "Note+CoreDataClass.swift"; sourceTree = "<group>"; };
		CE7BBB112B2A273B003F69E2 /* Note+CoreDataProperties.swift */ = {isa = PBXFileReference; lastKnownFileType = sourcecode.swift; path = "Note+CoreDataProperties.swift"; sourceTree = "<group>"; };
		CE7BBB142B2ADDA2003F69E2 /* NoteDataManager.swift */ = {isa = PBXFileReference; lastKnownFileType = sourcecode.swift; path = NoteDataManager.swift; sourceTree = "<group>"; };
		CE7D69062B1E26A1004F023E /* SettingsViewController.swift */ = {isa = PBXFileReference; lastKnownFileType = sourcecode.swift; path = SettingsViewController.swift; sourceTree = "<group>"; };
		CE7D69082B20AE80004F023E /* Settings.swift */ = {isa = PBXFileReference; lastKnownFileType = sourcecode.swift; path = Settings.swift; sourceTree = "<group>"; };
		CE7D690E2B20B263004F023E /* LanguageController.swift */ = {isa = PBXFileReference; lastKnownFileType = sourcecode.swift; path = LanguageController.swift; sourceTree = "<group>"; };
		CE8B79D12B1E215D009994C8 /* lesson 4.app */ = {isa = PBXFileReference; explicitFileType = wrapper.application; includeInIndex = 0; path = "lesson 4.app"; sourceTree = BUILT_PRODUCTS_DIR; };
		CE8B79D42B1E215D009994C8 /* AppDelegate.swift */ = {isa = PBXFileReference; lastKnownFileType = sourcecode.swift; path = AppDelegate.swift; sourceTree = "<group>"; };
		CE8B79D62B1E215D009994C8 /* SceneDelegate.swift */ = {isa = PBXFileReference; lastKnownFileType = sourcecode.swift; path = SceneDelegate.swift; sourceTree = "<group>"; };
		CE8B79D82B1E215D009994C8 /* NotesViewController.swift */ = {isa = PBXFileReference; lastKnownFileType = sourcecode.swift; path = NotesViewController.swift; sourceTree = "<group>"; };
		CE8B79DD2B1E2160009994C8 /* Assets.xcassets */ = {isa = PBXFileReference; lastKnownFileType = folder.assetcatalog; path = Assets.xcassets; sourceTree = "<group>"; };
		CE8B79E02B1E2160009994C8 /* Base */ = {isa = PBXFileReference; lastKnownFileType = file.storyboard; name = Base; path = Base.lproj/LaunchScreen.storyboard; sourceTree = "<group>"; };
		CE8B79E22B1E2160009994C8 /* Info.plist */ = {isa = PBXFileReference; lastKnownFileType = text.plist.xml; path = Info.plist; sourceTree = "<group>"; };
/* End PBXFileReference section */

/* Begin PBXFrameworksBuildPhase section */
		CE8B79CE2B1E215D009994C8 /* Frameworks */ = {
			isa = PBXFrameworksBuildPhase;
			buildActionMask = 2147483647;
			files = (
			);
			runOnlyForDeploymentPostprocessing = 0;
		};
/* End PBXFrameworksBuildPhase section */

/* Begin PBXGroup section */
		CE7BBAFF2B234BA5003F69E2 /* Cell */ = {
			isa = PBXGroup;
			children = (
				CE7BBB082B2A14FF003F69E2 /* NoteCell.swift */,
				CE7BBB022B237188003F69E2 /* OnBoardingCell.swift */,
				CE7BBAFD2B234BA0003F69E2 /* SettingsCell.swift */,
			);
			path = Cell;
			sourceTree = "<group>";
		};
		CE7BBB162B2ADDB4003F69E2 /* DataManager */ = {
			isa = PBXGroup;
			children = (
				CE7BBB142B2ADDA2003F69E2 /* NoteDataManager.swift */,
			);
			path = DataManager;
			sourceTree = "<group>";
		};
		CE7D690A2B20AED9004F023E /* Controllers */ = {
			isa = PBXGroup;
			children = (
				CE7BBB002B235CB6003F69E2 /* OnBoardingViewController.swift */,
				CE8B79D82B1E215D009994C8 /* NotesViewController.swift */,
				CE7BBB0B2B2A1C87003F69E2 /* AddNoteViewController.swift */,
				CE7D69062B1E26A1004F023E /* SettingsViewController.swift */,
				CE7D690E2B20B263004F023E /* LanguageController.swift */,
			);
			path = Controllers;
			sourceTree = "<group>";
		};
		CE7D690B2B20AEF2004F023E /* Instruments */ = {
			isa = PBXGroup;
			children = (
				CE8B79D42B1E215D009994C8 /* AppDelegate.swift */,
				CE8B79D62B1E215D009994C8 /* SceneDelegate.swift */,
			);
			path = Instruments;
			sourceTree = "<group>";
		};
		CE7D690C2B20AF39004F023E /* Resources */ = {
			isa = PBXGroup;
			children = (
				CE8B79DF2B1E2160009994C8 /* LaunchScreen.storyboard */,
				CE8B79DD2B1E2160009994C8 /* Assets.xcassets */,
			);
			path = Resources;
			sourceTree = "<group>";
		};
		CE7D690D2B20AF76004F023E /* Model */ = {
			isa = PBXGroup;
			children = (
				CE7D69082B20AE80004F023E /* Settings.swift */,
			);
			path = Model;
			sourceTree = "<group>";
		};
		CE8B79C82B1E215D009994C8 = {
			isa = PBXGroup;
			children = (
				CE7BBB102B2A273B003F69E2 /* Note+CoreDataClass.swift */,
				CE7BBB112B2A273B003F69E2 /* Note+CoreDataProperties.swift */,
				CE7BBB0D2B2A2656003F69E2 /* Notes.xcdatamodeld */,
				CE8B79D32B1E215D009994C8 /* lesson 4 */,
				CE8B79D22B1E215D009994C8 /* Products */,
			);
			sourceTree = "<group>";
		};
		CE8B79D22B1E215D009994C8 /* Products */ = {
			isa = PBXGroup;
			children = (
				CE8B79D12B1E215D009994C8 /* lesson 4.app */,
			);
			name = Products;
			sourceTree = "<group>";
		};
		CE8B79D32B1E215D009994C8 /* lesson 4 */ = {
			isa = PBXGroup;
			children = (
				CE7BBB162B2ADDB4003F69E2 /* DataManager */,
				CE7BBAFF2B234BA5003F69E2 /* Cell */,
				CE7D690D2B20AF76004F023E /* Model */,
				CE7D690A2B20AED9004F023E /* Controllers */,
				CE7D690B2B20AEF2004F023E /* Instruments */,
				CE7D690C2B20AF39004F023E /* Resources */,
				CE8B79E22B1E2160009994C8 /* Info.plist */,
			);
			path = "lesson 4";
			sourceTree = "<group>";
		};
/* End PBXGroup section */

/* Begin PBXNativeTarget section */
		CE8B79D02B1E215D009994C8 /* lesson 4 */ = {
			isa = PBXNativeTarget;
			buildConfigurationList = CE8B79E52B1E2160009994C8 /* Build configuration list for PBXNativeTarget "lesson 4" */;
			buildPhases = (
				CE8B79CD2B1E215D009994C8 /* Sources */,
				CE8B79CE2B1E215D009994C8 /* Frameworks */,
				CE8B79CF2B1E215D009994C8 /* Resources */,
			);
			buildRules = (
			);
			dependencies = (
			);
			name = "lesson 4";
			productName = "lesson 4";
			productReference = CE8B79D12B1E215D009994C8 /* lesson 4.app */;
			productType = "com.apple.product-type.application";
		};
/* End PBXNativeTarget section */

/* Begin PBXProject section */
		CE8B79C92B1E215D009994C8 /* Project object */ = {
			isa = PBXProject;
			attributes = {
				BuildIndependentTargetsInParallel = 1;
				LastSwiftUpdateCheck = 1400;
				LastUpgradeCheck = 1400;
				TargetAttributes = {
					CE8B79D02B1E215D009994C8 = {
						CreatedOnToolsVersion = 14.0;
					};
				};
			};
			buildConfigurationList = CE8B79CC2B1E215D009994C8 /* Build configuration list for PBXProject "lesson 4" */;
			compatibilityVersion = "Xcode 14.0";
			developmentRegion = en;
			hasScannedForEncodings = 0;
			knownRegions = (
				en,
				Base,
			);
			mainGroup = CE8B79C82B1E215D009994C8;
			productRefGroup = CE8B79D22B1E215D009994C8 /* Products */;
			projectDirPath = "";
			projectRoot = "";
			targets = (
				CE8B79D02B1E215D009994C8 /* lesson 4 */,
			);
		};
/* End PBXProject section */

/* Begin PBXResourcesBuildPhase section */
		CE8B79CF2B1E215D009994C8 /* Resources */ = {
			isa = PBXResourcesBuildPhase;
			buildActionMask = 2147483647;
			files = (
				CE8B79E12B1E2160009994C8 /* LaunchScreen.storyboard in Resources */,
				CE8B79DE2B1E2160009994C8 /* Assets.xcassets in Resources */,
			);
			runOnlyForDeploymentPostprocessing = 0;
		};
/* End PBXResourcesBuildPhase section */

/* Begin PBXSourcesBuildPhase section */
		CE8B79CD2B1E215D009994C8 /* Sources */ = {
			isa = PBXSourcesBuildPhase;
			buildActionMask = 2147483647;
			files = (
				CE7BBB152B2ADDA2003F69E2 /* NoteDataManager.swift in Sources */,
				CE7BBB0C2B2A1C87003F69E2 /* AddNoteViewController.swift in Sources */,
				CE7BBB132B2A273B003F69E2 /* Note+CoreDataProperties.swift in Sources */,
				CE8B79D92B1E215D009994C8 /* NotesViewController.swift in Sources */,
				CE8B79D52B1E215D009994C8 /* AppDelegate.swift in Sources */,
				CE8B79D72B1E215D009994C8 /* SceneDelegate.swift in Sources */,
				CE7BBB012B235CB6003F69E2 /* OnBoardingViewController.swift in Sources */,
				CE7D69072B1E26A1004F023E /* SettingsViewController.swift in Sources */,
				CE7D69092B20AE80004F023E /* Settings.swift in Sources */,
				CE7BBB122B2A273B003F69E2 /* Note+CoreDataClass.swift in Sources */,
				CE7BBB0F2B2A2656003F69E2 /* Notes.xcdatamodeld in Sources */,
				CE7D690F2B20B263004F023E /* LanguageController.swift in Sources */,
				CE7BBB092B2A14FF003F69E2 /* NoteCell.swift in Sources */,
				CE7BBB032B237188003F69E2 /* OnBoardingCell.swift in Sources */,
				CE7BBAFE2B234BA0003F69E2 /* SettingsCell.swift in Sources */,
			);
			runOnlyForDeploymentPostprocessing = 0;
		};
/* End PBXSourcesBuildPhase section */

/* Begin PBXVariantGroup section */
		CE8B79DF2B1E2160009994C8 /* LaunchScreen.storyboard */ = {
			isa = PBXVariantGroup;
			children = (
				CE8B79E02B1E2160009994C8 /* Base */,
			);
			name = LaunchScreen.storyboard;
			sourceTree = "<group>";
		};
/* End PBXVariantGroup section */

/* Begin XCBuildConfiguration section */
		CE8B79E32B1E2160009994C8 /* Debug */ = {
			isa = XCBuildConfiguration;
			buildSettings = {
				ALWAYS_SEARCH_USER_PATHS = NO;
				CLANG_ANALYZER_NONNULL = YES;
				CLANG_ANALYZER_NUMBER_OBJECT_CONVERSION = YES_AGGRESSIVE;
				CLANG_CXX_LANGUAGE_STANDARD = "gnu++20";
				CLANG_ENABLE_MODULES = YES;
				CLANG_ENABLE_OBJC_ARC = YES;
				CLANG_ENABLE_OBJC_WEAK = YES;
				CLANG_WARN_BLOCK_CAPTURE_AUTORELEASING = YES;
				CLANG_WARN_BOOL_CONVERSION = YES;
				CLANG_WARN_COMMA = YES;
				CLANG_WARN_CONSTANT_CONVERSION = YES;
				CLANG_WARN_DEPRECATED_OBJC_IMPLEMENTATIONS = YES;
				CLANG_WARN_DIRECT_OBJC_ISA_USAGE = YES_ERROR;
				CLANG_WARN_DOCUMENTATION_COMMENTS = YES;
				CLANG_WARN_EMPTY_BODY = YES;
				CLANG_WARN_ENUM_CONVERSION = YES;
				CLANG_WARN_INFINITE_RECURSION = YES;
				CLANG_WARN_INT_CONVERSION = YES;
				CLANG_WARN_NON_LITERAL_NULL_CONVERSION = YES;
				CLANG_WARN_OBJC_IMPLICIT_RETAIN_SELF = YES;
				CLANG_WARN_OBJC_LITERAL_CONVERSION = YES;
				CLANG_WARN_OBJC_ROOT_CLASS = YES_ERROR;
				CLANG_WARN_QUOTED_INCLUDE_IN_FRAMEWORK_HEADER = YES;
				CLANG_WARN_RANGE_LOOP_ANALYSIS = YES;
				CLANG_WARN_STRICT_PROTOTYPES = YES;
				CLANG_WARN_SUSPICIOUS_MOVE = YES;
				CLANG_WARN_UNGUARDED_AVAILABILITY = YES_AGGRESSIVE;
				CLANG_WARN_UNREACHABLE_CODE = YES;
				CLANG_WARN__DUPLICATE_METHOD_MATCH = YES;
				COPY_PHASE_STRIP = NO;
				DEBUG_INFORMATION_FORMAT = dwarf;
				ENABLE_STRICT_OBJC_MSGSEND = YES;
				ENABLE_TESTABILITY = YES;
				GCC_C_LANGUAGE_STANDARD = gnu11;
				GCC_DYNAMIC_NO_PIC = NO;
				GCC_NO_COMMON_BLOCKS = YES;
				GCC_OPTIMIZATION_LEVEL = 0;
				GCC_PREPROCESSOR_DEFINITIONS = (
					"DEBUG=1",
					"$(inherited)",
				);
				GCC_WARN_64_TO_32_BIT_CONVERSION = YES;
				GCC_WARN_ABOUT_RETURN_TYPE = YES_ERROR;
				GCC_WARN_UNDECLARED_SELECTOR = YES;
				GCC_WARN_UNINITIALIZED_AUTOS = YES_AGGRESSIVE;
				GCC_WARN_UNUSED_FUNCTION = YES;
				GCC_WARN_UNUSED_VARIABLE = YES;
				IPHONEOS_DEPLOYMENT_TARGET = 16.0;
				MTL_ENABLE_DEBUG_INFO = INCLUDE_SOURCE;
				MTL_FAST_MATH = YES;
				ONLY_ACTIVE_ARCH = YES;
				SDKROOT = iphoneos;
				SWIFT_ACTIVE_COMPILATION_CONDITIONS = DEBUG;
				SWIFT_OPTIMIZATION_LEVEL = "-Onone";
			};
			name = Debug;
		};
		CE8B79E42B1E2160009994C8 /* Release */ = {
			isa = XCBuildConfiguration;
			buildSettings = {
				ALWAYS_SEARCH_USER_PATHS = NO;
				CLANG_ANALYZER_NONNULL = YES;
				CLANG_ANALYZER_NUMBER_OBJECT_CONVERSION = YES_AGGRESSIVE;
				CLANG_CXX_LANGUAGE_STANDARD = "gnu++20";
				CLANG_ENABLE_MODULES = YES;
				CLANG_ENABLE_OBJC_ARC = YES;
				CLANG_ENABLE_OBJC_WEAK = YES;
				CLANG_WARN_BLOCK_CAPTURE_AUTORELEASING = YES;
				CLANG_WARN_BOOL_CONVERSION = YES;
				CLANG_WARN_COMMA = YES;
				CLANG_WARN_CONSTANT_CONVERSION = YES;
				CLANG_WARN_DEPRECATED_OBJC_IMPLEMENTATIONS = YES;
				CLANG_WARN_DIRECT_OBJC_ISA_USAGE = YES_ERROR;
				CLANG_WARN_DOCUMENTATION_COMMENTS = YES;
				CLANG_WARN_EMPTY_BODY = YES;
				CLANG_WARN_ENUM_CONVERSION = YES;
				CLANG_WARN_INFINITE_RECURSION = YES;
				CLANG_WARN_INT_CONVERSION = YES;
				CLANG_WARN_NON_LITERAL_NULL_CONVERSION = YES;
				CLANG_WARN_OBJC_IMPLICIT_RETAIN_SELF = YES;
				CLANG_WARN_OBJC_LITERAL_CONVERSION = YES;
				CLANG_WARN_OBJC_ROOT_CLASS = YES_ERROR;
				CLANG_WARN_QUOTED_INCLUDE_IN_FRAMEWORK_HEADER = YES;
				CLANG_WARN_RANGE_LOOP_ANALYSIS = YES;
				CLANG_WARN_STRICT_PROTOTYPES = YES;
				CLANG_WARN_SUSPICIOUS_MOVE = YES;
				CLANG_WARN_UNGUARDED_AVAILABILITY = YES_AGGRESSIVE;
				CLANG_WARN_UNREACHABLE_CODE = YES;
				CLANG_WARN__DUPLICATE_METHOD_MATCH = YES;
				COPY_PHASE_STRIP = NO;
				DEBUG_INFORMATION_FORMAT = "dwarf-with-dsym";
				ENABLE_NS_ASSERTIONS = NO;
				ENABLE_STRICT_OBJC_MSGSEND = YES;
				GCC_C_LANGUAGE_STANDARD = gnu11;
				GCC_NO_COMMON_BLOCKS = YES;
				GCC_WARN_64_TO_32_BIT_CONVERSION = YES;
				GCC_WARN_ABOUT_RETURN_TYPE = YES_ERROR;
				GCC_WARN_UNDECLARED_SELECTOR = YES;
				GCC_WARN_UNINITIALIZED_AUTOS = YES_AGGRESSIVE;
				GCC_WARN_UNUSED_FUNCTION = YES;
				GCC_WARN_UNUSED_VARIABLE = YES;
				IPHONEOS_DEPLOYMENT_TARGET = 16.0;
				MTL_ENABLE_DEBUG_INFO = NO;
				MTL_FAST_MATH = YES;
				SDKROOT = iphoneos;
				SWIFT_COMPILATION_MODE = wholemodule;
				SWIFT_OPTIMIZATION_LEVEL = "-O";
				VALIDATE_PRODUCT = YES;
			};
			name = Release;
		};
		CE8B79E62B1E2160009994C8 /* Debug */ = {
			isa = XCBuildConfiguration;
			buildSettings = {
				ASSETCATALOG_COMPILER_APPICON_NAME = AppIcon;
				ASSETCATALOG_COMPILER_GLOBAL_ACCENT_COLOR_NAME = AccentColor;
				CODE_SIGN_STYLE = Automatic;
				CURRENT_PROJECT_VERSION = 1;
				DEVELOPMENT_TEAM = 3WQN3TSW6L;
				GENERATE_INFOPLIST_FILE = YES;
				INFOPLIST_FILE = "lesson 4/Info.plist";
				INFOPLIST_KEY_UIApplicationSupportsIndirectInputEvents = YES;
				INFOPLIST_KEY_UILaunchStoryboardName = LaunchScreen;
				INFOPLIST_KEY_UISupportedInterfaceOrientations_iPad = "UIInterfaceOrientationPortrait UIInterfaceOrientationPortraitUpsideDown UIInterfaceOrientationLandscapeLeft UIInterfaceOrientationLandscapeRight";
				INFOPLIST_KEY_UISupportedInterfaceOrientations_iPhone = "UIInterfaceOrientationPortrait UIInterfaceOrientationLandscapeLeft UIInterfaceOrientationLandscapeRight";
				LD_RUNPATH_SEARCH_PATHS = (
					"$(inherited)",
					"@executable_path/Frameworks",
				);
				MARKETING_VERSION = 1.0;
				PRODUCT_BUNDLE_IDENTIFIER = "month-5.lesson-4";
				PRODUCT_NAME = "$(TARGET_NAME)";
				SWIFT_EMIT_LOC_STRINGS = YES;
				SWIFT_VERSION = 5.0;
				TARGETED_DEVICE_FAMILY = "1,2";
			};
			name = Debug;
		};
		CE8B79E72B1E2160009994C8 /* Release */ = {
			isa = XCBuildConfiguration;
			buildSettings = {
				ASSETCATALOG_COMPILER_APPICON_NAME = AppIcon;
				ASSETCATALOG_COMPILER_GLOBAL_ACCENT_COLOR_NAME = AccentColor;
				CODE_SIGN_STYLE = Automatic;
				CURRENT_PROJECT_VERSION = 1;
				DEVELOPMENT_TEAM = 3WQN3TSW6L;
				GENERATE_INFOPLIST_FILE = YES;
				INFOPLIST_FILE = "lesson 4/Info.plist";
				INFOPLIST_KEY_UIApplicationSupportsIndirectInputEvents = YES;
				INFOPLIST_KEY_UILaunchStoryboardName = LaunchScreen;
				INFOPLIST_KEY_UISupportedInterfaceOrientations_iPad = "UIInterfaceOrientationPortrait UIInterfaceOrientationPortraitUpsideDown UIInterfaceOrientationLandscapeLeft UIInterfaceOrientationLandscapeRight";
				INFOPLIST_KEY_UISupportedInterfaceOrientations_iPhone = "UIInterfaceOrientationPortrait UIInterfaceOrientationLandscapeLeft UIInterfaceOrientationLandscapeRight";
				LD_RUNPATH_SEARCH_PATHS = (
					"$(inherited)",
					"@executable_path/Frameworks",
				);
				MARKETING_VERSION = 1.0;
				PRODUCT_BUNDLE_IDENTIFIER = "month-5.lesson-4";
				PRODUCT_NAME = "$(TARGET_NAME)";
				SWIFT_EMIT_LOC_STRINGS = YES;
				SWIFT_VERSION = 5.0;
				TARGETED_DEVICE_FAMILY = "1,2";
			};
			name = Release;
		};
/* End XCBuildConfiguration section */

/* Begin XCConfigurationList section */
		CE8B79CC2B1E215D009994C8 /* Build configuration list for PBXProject "lesson 4" */ = {
			isa = XCConfigurationList;
			buildConfigurations = (
				CE8B79E32B1E2160009994C8 /* Debug */,
				CE8B79E42B1E2160009994C8 /* Release */,
			);
			defaultConfigurationIsVisible = 0;
			defaultConfigurationName = Release;
		};
		CE8B79E52B1E2160009994C8 /* Build configuration list for PBXNativeTarget "lesson 4" */ = {
			isa = XCConfigurationList;
			buildConfigurations = (
				CE8B79E62B1E2160009994C8 /* Debug */,
				CE8B79E72B1E2160009994C8 /* Release */,
			);
			defaultConfigurationIsVisible = 0;
			defaultConfigurationName = Release;
		};
/* End XCConfigurationList section */

/* Begin XCVersionGroup section */
		CE7BBB0D2B2A2656003F69E2 /* Notes.xcdatamodeld */ = {
			isa = XCVersionGroup;
			children = (
				CE7BBB0E2B2A2656003F69E2 /* Notes.xcdatamodel */,
			);
			currentVersion = CE7BBB0E2B2A2656003F69E2 /* Notes.xcdatamodel */;
			path = Notes.xcdatamodeld;
			sourceTree = "<group>";
			versionGroupType = wrapper.xcdatamodel;
		};
/* End XCVersionGroup section */
	};
	rootObject = CE8B79C92B1E215D009994C8 /* Project object */;
}
